
Microsoft Visual Studio Solution File, Format Version 12.00
# Visual Studio Version 16
VisualStudioVersion = 16.0.31205.134
MinimumVisualStudioVersion = 10.0.40219.1
Project("{9A19103F-16F7-4668-BE54-9A1E7A4F7556}") = "1", "1\1.csproj", "{63C0431B-2A7E-433F-9A9B-D9800CE0A685}"
EndProject
Project("{9A19103F-16F7-4668-BE54-9A1E7A4F7556}") = "2,LongestWord", "2,LongestWord\2,LongestWord.csproj", "{ACAEDD44-DEDE-4700-940C-66C93D0CE6ED}"
EndProject
Project("{FAE04EC0-301F-11D3-BF4B-00C04F79EFBC}") = "3,StringReverse", "3,StringReverse\3,StringReverse.csproj", "{CDACA9FB-7611-458D-AD19-20024832303D}"
EndProject
Global
	GlobalSection(SolutionConfigurationPlatforms) = preSolution
		Debug|Any CPU = Debug|Any CPU
		Release|Any CPU = Release|Any CPU
	EndGlobalSection
	GlobalSection(ProjectConfigurationPlatforms) = postSolution
		{63C0431B-2A7E-433F-9A9B-D9800CE0A685}.Debug|Any CPU.ActiveCfg = Debug|Any CPU
		{63C0431B-2A7E-433F-9A9B-D9800CE0A685}.Debug|Any CPU.Build.0 = Debug|Any CPU
		{63C0431B-2A7E-433F-9A9B-D9800CE0A685}.Release|Any CPU.ActiveCfg = Release|Any CPU
		{63C0431B-2A7E-433F-9A9B-D9800CE0A685}.Release|Any CPU.Build.0 = Release|Any CPU
		{ACAEDD44-DEDE-4700-940C-66C93D0CE6ED}.Debug|Any CPU.ActiveCfg = Debug|Any CPU
		{ACAEDD44-DEDE-4700-940C-66C93D0CE6ED}.Debug|Any CPU.Build.0 = Debug|Any CPU
		{ACAEDD44-DEDE-4700-940C-66C93D0CE6ED}.Release|Any CPU.ActiveCfg = Release|Any CPU
		{ACAEDD44-DEDE-4700-940C-66C93D0CE6ED}.Release|Any CPU.Build.0 = Release|Any CPU
		{CDACA9FB-7611-458D-AD19-20024832303D}.Debug|Any CPU.ActiveCfg = Debug|Any CPU
		{CDACA9FB-7611-458D-AD19-20024832303D}.Debug|Any CPU.Build.0 = Debug|Any CPU
		{CDACA9FB-7611-458D-AD19-20024832303D}.Release|Any CPU.ActiveCfg = Release|Any CPU
		{CDACA9FB-7611-458D-AD19-20024832303D}.Release|Any CPU.Build.0 = Release|Any CPU
	EndGlobalSection
	GlobalSection(SolutionProperties) = preSolution
		HideSolutionNode = FALSE
	EndGlobalSection
	GlobalSection(ExtensibilityGlobals) = postSolution
		SolutionGuid = {FA437A1C-E9A8-48F9-A763-D313D53A3B9A}
	EndGlobalSection
EndGlobal
